
Microsoft Visual Studio Solution File, Format Version 12.00
# Visual Studio Version 17
VisualStudioVersion = 17.1.32414.318
MinimumVisualStudioVersion = 10.0.40219.1
Project("{9A19103F-16F7-4668-BE54-9A1E7A4F7556}") = "BloodTransfusionBank.BussinessLogic", "BloodTransfusionBank.BussinessLogic\BloodTransfusionBank.BussinessLogic.csproj", "{7DCBC61F-EC53-4323-95C8-F8A98867F38D}"
EndProject
Project("{9A19103F-16F7-4668-BE54-9A1E7A4F7556}") = "BloodTransfusionBank.DataAccess", "BloodTransfusionBank.DataAccess\BloodTransfusionBank.DataAccess.csproj", "{BDE1C933-7FE4-4127-AEE9-3FB66E70A2B1}"
EndProject
Project("{9A19103F-16F7-4668-BE54-9A1E7A4F7556}") = "Test", "Test\Test.csproj", "{0DE05E9F-8249-4C46-BA20-EC41D3FDE618}"
EndProject
Project("{FAE04EC0-301F-11D3-BF4B-00C04F79EFBC}") = "BloodTransfusionBank.Api", "BloodTransfusionBank.Api\BloodTransfusionBank.Api.csproj", "{1579D55C-CB8D-4592-B145-79A7395CA6F4}"
EndProject
Global
	GlobalSection(SolutionConfigurationPlatforms) = preSolution
		Debug|Any CPU = Debug|Any CPU
		Release|Any CPU = Release|Any CPU
	EndGlobalSection
	GlobalSection(ProjectConfigurationPlatforms) = postSolution
		{7DCBC61F-EC53-4323-95C8-F8A98867F38D}.Debug|Any CPU.ActiveCfg = Debug|Any CPU
		{7DCBC61F-EC53-4323-95C8-F8A98867F38D}.Debug|Any CPU.Build.0 = Debug|Any CPU
		{7DCBC61F-EC53-4323-95C8-F8A98867F38D}.Release|Any CPU.ActiveCfg = Release|Any CPU
		{7DCBC61F-EC53-4323-95C8-F8A98867F38D}.Release|Any CPU.Build.0 = Release|Any CPU
		{BDE1C933-7FE4-4127-AEE9-3FB66E70A2B1}.Debug|Any CPU.ActiveCfg = Debug|Any CPU
		{BDE1C933-7FE4-4127-AEE9-3FB66E70A2B1}.Debug|Any CPU.Build.0 = Debug|Any CPU
		{BDE1C933-7FE4-4127-AEE9-3FB66E70A2B1}.Release|Any CPU.ActiveCfg = Release|Any CPU
		{BDE1C933-7FE4-4127-AEE9-3FB66E70A2B1}.Release|Any CPU.Build.0 = Release|Any CPU
		{0DE05E9F-8249-4C46-BA20-EC41D3FDE618}.Debug|Any CPU.ActiveCfg = Debug|Any CPU
		{0DE05E9F-8249-4C46-BA20-EC41D3FDE618}.Debug|Any CPU.Build.0 = Debug|Any CPU
		{0DE05E9F-8249-4C46-BA20-EC41D3FDE618}.Release|Any CPU.ActiveCfg = Release|Any CPU
		{0DE05E9F-8249-4C46-BA20-EC41D3FDE618}.Release|Any CPU.Build.0 = Release|Any CPU
		{1579D55C-CB8D-4592-B145-79A7395CA6F4}.Debug|Any CPU.ActiveCfg = Debug|Any CPU
		{1579D55C-CB8D-4592-B145-79A7395CA6F4}.Debug|Any CPU.Build.0 = Debug|Any CPU
		{1579D55C-CB8D-4592-B145-79A7395CA6F4}.Release|Any CPU.ActiveCfg = Release|Any CPU
		{1579D55C-CB8D-4592-B145-79A7395CA6F4}.Release|Any CPU.Build.0 = Release|Any CPU
	EndGlobalSection
	GlobalSection(SolutionProperties) = preSolution
		HideSolutionNode = FALSE
	EndGlobalSection
	GlobalSection(ExtensibilityGlobals) = postSolution
		SolutionGuid = {F6D81CBD-356C-4BB4-AAD0-0F79AEC98314}
	EndGlobalSection
EndGlobal
